
Microsoft Visual Studio Solution File, Format Version 12.00
# Visual Studio Version 17
VisualStudioVersion = 17.13.35931.197 d17.13
MinimumVisualStudioVersion = 10.0.40219.1
Project("{FAE04EC0-301F-11D3-BF4B-00C04F79EFBC}") = "QuanLyBanSach", "QuanLyBanSach\QuanLyBanSach.csproj", "{DB3D96DD-3D8B-4308-A4D0-8040301E0104}"
EndProject
Global
	GlobalSection(SolutionConfigurationPlatforms) = preSolution
		Debug|Any CPU = Debug|Any CPU
		Release|Any CPU = Release|Any CPU
	EndGlobalSection
	GlobalSection(ProjectConfigurationPlatforms) = postSolution
		{DB3D96DD-3D8B-4308-A4D0-8040301E0104}.Debug|Any CPU.ActiveCfg = Debug|Any CPU
		{DB3D96DD-3D8B-4308-A4D0-8040301E0104}.Debug|Any CPU.Build.0 = Debug|Any CPU
		{DB3D96DD-3D8B-4308-A4D0-8040301E0104}.Release|Any CPU.ActiveCfg = Release|Any CPU
		{DB3D96DD-3D8B-4308-A4D0-8040301E0104}.Release|Any CPU.Build.0 = Release|Any CPU
	EndGlobalSection
	GlobalSection(SolutionProperties) = preSolution
		HideSolutionNode = FALSE
	EndGlobalSection
	GlobalSection(ExtensibilityGlobals) = postSolution
		SolutionGuid = {D1B22614-ABDC-4D55-8223-A89ECC95C6C0}
	EndGlobalSection
EndGlobal
